{
  "version": 4,
  "terraform_version": "1.1.2",
  "serial": 178,
  "lineage": "a89fbf2f-fccf-7be0-10d4-0038e081db7a",
  "outputs": {},
  "resources": [
    {
      "mode": "managed",
      "type": "google_compute_firewall",
      "name": "default-fw",
      "provider": "provider[\"registry.terraform.io/hashicorp/google\"]",
      "instances": [
        {
          "schema_version": 1,
          "attributes": {
            "allow": [
              {
                "ports": [
                  "80",
                  "22",
                  "443"
                ],
                "protocol": "tcp"
              }
            ],
            "creation_timestamp": "2022-01-15T08:06:14.506-08:00",
            "deny": [],
            "description": "",
            "destination_ranges": [],
            "direction": "INGRESS",
            "disabled": false,
            "enable_logging": null,
            "id": "projects/mimetic-setup-319321/global/firewalls/test-firewall",
            "log_config": [],
            "name": "test-firewall",
            "network": "https://www.googleapis.com/compute/v1/projects/mimetic-setup-319321/global/networks/final-vpc",
            "priority": 1000,
            "project": "mimetic-setup-319321",
            "self_link": "https://www.googleapis.com/compute/v1/projects/mimetic-setup-319321/global/firewalls/test-firewall",
            "source_ranges": [
              "35.235.240.0/20"
            ],
            "source_service_accounts": null,
            "source_tags": null,
            "target_service_accounts": null,
            "target_tags": null,
            "timeouts": null
          },
          "sensitive_attributes": [],
          "private": "eyJlMmJmYjczMC1lY2FhLTExZTYtOGY4OC0zNDM2M2JjN2M0YzAiOnsiY3JlYXRlIjoyNDAwMDAwMDAwMDAsImRlbGV0ZSI6MjQwMDAwMDAwMDAwLCJ1cGRhdGUiOjI0MDAwMDAwMDAwMH0sInNjaGVtYV92ZXJzaW9uIjoiMSJ9",
          "dependencies": [
            "google_compute_network.final_vpc"
          ]
        }
      ]
    },
    {
      "mode": "managed",
      "type": "google_compute_instance",
      "name": "managementinstance",
      "provider": "provider[\"registry.terraform.io/hashicorp/google\"]",
      "instances": [
        {
          "schema_version": 6,
          "attributes": {
            "advanced_machine_features": [],
            "allow_stopping_for_update": null,
            "attached_disk": [],
            "boot_disk": [
              {
                "auto_delete": true,
                "device_name": "persistent-disk-0",
                "disk_encryption_key_raw": "",
                "disk_encryption_key_sha256": "",
                "initialize_params": [
                  {
                    "image": "https://www.googleapis.com/compute/v1/projects/debian-cloud/global/images/debian-9-stretch-v20211209",
                    "labels": {},
                    "size": 10,
                    "type": "pd-standard"
                  }
                ],
                "kms_key_self_link": "",
                "mode": "READ_WRITE",
                "source": "https://www.googleapis.com/compute/v1/projects/mimetic-setup-319321/zones/europe-west1-b/disks/management-vm"
              }
            ],
            "can_ip_forward": false,
            "confidential_instance_config": [],
            "cpu_platform": "Intel Broadwell",
            "current_status": "RUNNING",
            "deletion_protection": false,
            "description": "",
            "desired_status": null,
            "enable_display": false,
            "guest_accelerator": [],
            "hostname": "",
            "id": "projects/mimetic-setup-319321/zones/europe-west1-b/instances/management-vm",
            "instance_id": "5032261223694946273",
            "label_fingerprint": "42WmSpB8rSM=",
            "labels": null,
            "machine_type": "e2-micro",
            "metadata": null,
            "metadata_fingerprint": "NsKuNYL2h2I=",
            "metadata_startup_script": null,
            "min_cpu_platform": "",
            "name": "management-vm",
            "network_interface": [
              {
                "access_config": [],
                "alias_ip_range": [],
                "ipv6_access_config": [],
                "ipv6_access_type": "",
                "name": "nic0",
                "network": "https://www.googleapis.com/compute/v1/projects/mimetic-setup-319321/global/networks/final-vpc",
                "network_ip": "10.1.10.10",
                "nic_type": "",
                "queue_count": 0,
                "stack_type": "IPV4_ONLY",
                "subnetwork": "https://www.googleapis.com/compute/v1/projects/mimetic-setup-319321/regions/europe-west1/subnetworks/management-subnet",
                "subnetwork_project": "mimetic-setup-319321"
              }
            ],
            "project": "mimetic-setup-319321",
            "reservation_affinity": [],
            "resource_policies": null,
            "scheduling": [
              {
                "automatic_restart": true,
                "min_node_cpus": 0,
                "node_affinities": [],
                "on_host_maintenance": "MIGRATE",
                "preemptible": false
              }
            ],
            "scratch_disk": [],
            "self_link": "https://www.googleapis.com/compute/v1/projects/mimetic-setup-319321/zones/europe-west1-b/instances/management-vm",
            "service_account": [
              {
                "email": "instance-service-account-id@mimetic-setup-319321.iam.gserviceaccount.com",
                "scopes": [
                  "https://www.googleapis.com/auth/cloud-platform"
                ]
              }
            ],
            "shielded_instance_config": [],
            "tags": null,
            "tags_fingerprint": "42WmSpB8rSM=",
            "timeouts": null,
            "zone": "europe-west1-b"
          },
          "sensitive_attributes": [],
          "private": "eyJlMmJmYjczMC1lY2FhLTExZTYtOGY4OC0zNDM2M2JjN2M0YzAiOnsiY3JlYXRlIjoxMjAwMDAwMDAwMDAwLCJkZWxldGUiOjEyMDAwMDAwMDAwMDAsInVwZGF0ZSI6MTIwMDAwMDAwMDAwMH0sInNjaGVtYV92ZXJzaW9uIjoiNiJ9",
          "dependencies": [
            "google_compute_network.final_vpc",
            "google_compute_subnetwork.management",
            "google_service_account.instance_sarvice"
          ]
        }
      ]
    },
    {
      "mode": "managed",
      "type": "google_compute_network",
      "name": "final_vpc",
      "provider": "provider[\"registry.terraform.io/hashicorp/google\"]",
      "instances": [
        {
          "schema_version": 0,
          "attributes": {
            "auto_create_subnetworks": false,
            "delete_default_routes_on_create": false,
            "description": "",
            "gateway_ipv4": "",
            "id": "projects/mimetic-setup-319321/global/networks/final-vpc",
            "mtu": 0,
            "name": "final-vpc",
            "project": "mimetic-setup-319321",
            "routing_mode": "REGIONAL",
            "self_link": "https://www.googleapis.com/compute/v1/projects/mimetic-setup-319321/global/networks/final-vpc",
            "timeouts": null
          },
          "sensitive_attributes": [],
          "private": "eyJlMmJmYjczMC1lY2FhLTExZTYtOGY4OC0zNDM2M2JjN2M0YzAiOnsiY3JlYXRlIjoyNDAwMDAwMDAwMDAsImRlbGV0ZSI6MjQwMDAwMDAwMDAwLCJ1cGRhdGUiOjI0MDAwMDAwMDAwMH19"
        }
      ]
    },
    {
      "mode": "managed",
      "type": "google_compute_router",
      "name": "final_router",
      "provider": "provider[\"registry.terraform.io/hashicorp/google\"]",
      "instances": [
        {
          "schema_version": 0,
          "attributes": {
            "bgp": [
              {
                "advertise_mode": "DEFAULT",
                "advertised_groups": null,
                "advertised_ip_ranges": [],
                "asn": 64514
              }
            ],
            "creation_timestamp": "2022-01-15T08:06:37.121-08:00",
            "description": "",
            "encrypted_interconnect_router": false,
            "id": "projects/mimetic-setup-319321/regions/europe-west1/routers/final-router",
            "name": "final-router",
            "network": "https://www.googleapis.com/compute/v1/projects/mimetic-setup-319321/global/networks/final-vpc",
            "project": "mimetic-setup-319321",
            "region": "europe-west1",
            "self_link": "https://www.googleapis.com/compute/v1/projects/mimetic-setup-319321/regions/europe-west1/routers/final-router",
            "timeouts": null
          },
          "sensitive_attributes": [],
          "private": "eyJlMmJmYjczMC1lY2FhLTExZTYtOGY4OC0zNDM2M2JjN2M0YzAiOnsiY3JlYXRlIjoyNDAwMDAwMDAwMDAsImRlbGV0ZSI6MjQwMDAwMDAwMDAwLCJ1cGRhdGUiOjI0MDAwMDAwMDAwMH19",
          "dependencies": [
            "google_compute_network.final_vpc",
            "google_compute_subnetwork.management"
          ]
        }
      ]
    },
    {
      "mode": "managed",
      "type": "google_compute_router_nat",
      "name": "final_nat_gateway",
      "provider": "provider[\"registry.terraform.io/hashicorp/google\"]",
      "instances": [
        {
          "schema_version": 0,
          "attributes": {
            "drain_nat_ips": null,
            "enable_endpoint_independent_mapping": true,
            "icmp_idle_timeout_sec": 30,
            "id": "mimetic-setup-319321/europe-west1/final-router/final-router-nat",
            "log_config": [],
            "min_ports_per_vm": 0,
            "name": "final-router-nat",
            "nat_ip_allocate_option": "AUTO_ONLY",
            "nat_ips": null,
            "project": "mimetic-setup-319321",
            "region": "europe-west1",
            "router": "final-router",
            "source_subnetwork_ip_ranges_to_nat": "LIST_OF_SUBNETWORKS",
            "subnetwork": [
              {
                "name": "projects/mimetic-setup-319321/regions/europe-west1/subnetworks/management-subnet",
                "secondary_ip_range_names": [],
                "source_ip_ranges_to_nat": [
                  "ALL_IP_RANGES"
                ]
              }
            ],
            "tcp_established_idle_timeout_sec": 1200,
            "tcp_transitory_idle_timeout_sec": 30,
            "timeouts": null,
            "udp_idle_timeout_sec": 30
          },
          "sensitive_attributes": [],
          "private": "eyJlMmJmYjczMC1lY2FhLTExZTYtOGY4OC0zNDM2M2JjN2M0YzAiOnsiY3JlYXRlIjo2MDAwMDAwMDAwMDAsImRlbGV0ZSI6NjAwMDAwMDAwMDAwLCJ1cGRhdGUiOjYwMDAwMDAwMDAwMH19",
          "dependencies": [
            "google_compute_network.final_vpc",
            "google_compute_router.final_router",
            "google_compute_subnetwork.management"
          ]
        }
      ]
    },
    {
      "mode": "managed",
      "type": "google_compute_subnetwork",
      "name": "management",
      "provider": "provider[\"registry.terraform.io/hashicorp/google\"]",
      "instances": [
        {
          "schema_version": 0,
          "attributes": {
            "creation_timestamp": "2022-01-15T08:06:14.834-08:00",
            "description": "",
            "external_ipv6_prefix": "",
            "fingerprint": null,
            "gateway_address": "10.1.10.1",
            "id": "projects/mimetic-setup-319321/regions/europe-west1/subnetworks/management-subnet",
            "ip_cidr_range": "10.1.10.0/24",
            "ipv6_access_type": "",
            "ipv6_cidr_range": "",
            "log_config": [],
            "name": "management-subnet",
            "network": "https://www.googleapis.com/compute/v1/projects/mimetic-setup-319321/global/networks/final-vpc",
            "private_ip_google_access": false,
            "private_ipv6_google_access": "DISABLE_GOOGLE_ACCESS",
            "project": "mimetic-setup-319321",
            "purpose": "PRIVATE",
            "region": "europe-west1",
            "role": "",
            "secondary_ip_range": [],
            "self_link": "https://www.googleapis.com/compute/v1/projects/mimetic-setup-319321/regions/europe-west1/subnetworks/management-subnet",
            "stack_type": "IPV4_ONLY",
            "timeouts": null
          },
          "sensitive_attributes": [],
          "private": "eyJlMmJmYjczMC1lY2FhLTExZTYtOGY4OC0zNDM2M2JjN2M0YzAiOnsiY3JlYXRlIjozNjAwMDAwMDAwMDAsImRlbGV0ZSI6MzYwMDAwMDAwMDAwLCJ1cGRhdGUiOjM2MDAwMDAwMDAwMH19",
          "dependencies": [
            "google_compute_network.final_vpc"
          ]
        }
      ]
    },
    {
      "mode": "managed",
      "type": "google_compute_subnetwork",
      "name": "restricted",
      "provider": "provider[\"registry.terraform.io/hashicorp/google\"]",
      "instances": [
        {
          "schema_version": 0,
          "attributes": {
            "creation_timestamp": "2022-01-15T08:06:15.249-08:00",
            "description": "",
            "external_ipv6_prefix": "",
            "fingerprint": null,
            "gateway_address": "10.2.11.1",
            "id": "projects/mimetic-setup-319321/regions/europe-west1/subnetworks/restricted-subnet",
            "ip_cidr_range": "10.2.11.0/24",
            "ipv6_access_type": "",
            "ipv6_cidr_range": "",
            "log_config": [],
            "name": "restricted-subnet",
            "network": "https://www.googleapis.com/compute/v1/projects/mimetic-setup-319321/global/networks/final-vpc",
            "private_ip_google_access": false,
            "private_ipv6_google_access": "DISABLE_GOOGLE_ACCESS",
            "project": "mimetic-setup-319321",
            "purpose": "PRIVATE",
            "region": "europe-west1",
            "role": "",
            "secondary_ip_range": [],
            "self_link": "https://www.googleapis.com/compute/v1/projects/mimetic-setup-319321/regions/europe-west1/subnetworks/restricted-subnet",
            "stack_type": "IPV4_ONLY",
            "timeouts": null
          },
          "sensitive_attributes": [],
          "private": "eyJlMmJmYjczMC1lY2FhLTExZTYtOGY4OC0zNDM2M2JjN2M0YzAiOnsiY3JlYXRlIjozNjAwMDAwMDAwMDAsImRlbGV0ZSI6MzYwMDAwMDAwMDAwLCJ1cGRhdGUiOjM2MDAwMDAwMDAwMH19",
          "dependencies": [
            "google_compute_network.final_vpc"
          ]
        }
      ]
    },
    {
      "mode": "managed",
      "type": "google_container_cluster",
      "name": "final_cluster",
      "provider": "provider[\"registry.terraform.io/hashicorp/google\"]",
      "instances": [
        {
          "schema_version": 1,
          "attributes": {
            "addons_config": [
              {
                "cloudrun_config": [],
                "horizontal_pod_autoscaling": [],
                "http_load_balancing": [],
                "network_policy_config": [
                  {
                    "disabled": true
                  }
                ]
              }
            ],
            "authenticator_groups_config": [],
            "cluster_autoscaling": [
              {
                "auto_provisioning_defaults": [],
                "enabled": false,
                "resource_limits": []
              }
            ],
            "cluster_ipv4_cidr": "10.160.152.0/21",
            "confidential_nodes": [],
            "database_encryption": [
              {
                "key_name": "",
                "state": "DECRYPTED"
              }
            ],
            "datapath_provider": "",
            "default_max_pods_per_node": 110,
            "default_snat_status": [
              {
                "disabled": false
              }
            ],
            "description": "",
            "enable_autopilot": false,
            "enable_binary_authorization": false,
            "enable_intranode_visibility": false,
            "enable_kubernetes_alpha": false,
            "enable_legacy_abac": false,
            "enable_shielded_nodes": true,
            "enable_tpu": false,
            "endpoint": "172.16.0.2",
            "id": "projects/mimetic-setup-319321/locations/europe-west1/clusters/final-gke-cluster",
            "initial_node_count": 1,
            "ip_allocation_policy": [
              {
                "cluster_ipv4_cidr_block": "10.160.152.0/21",
                "cluster_secondary_range_name": "gke-final-gke-cluster-pods-8e239d2f",
                "services_ipv4_cidr_block": "10.160.160.0/21",
                "services_secondary_range_name": "gke-final-gke-cluster-services-8e239d2f"
              }
            ],
            "label_fingerprint": "a9dc16a7",
            "location": "europe-west1",
            "logging_config": [
              {
                "enable_components": [
                  "SYSTEM_COMPONENTS",
                  "WORKLOADS"
                ]
              }
            ],
            "logging_service": "logging.googleapis.com/kubernetes",
            "maintenance_policy": [],
            "master_auth": [
              {
                "client_certificate": "",
                "client_certificate_config": [
                  {
                    "issue_client_certificate": false
                  }
                ],
                "client_key": "",
                "cluster_ca_certificate": "LS0tLS1CRUdJTiBDRVJUSUZJQ0FURS0tLS0tCk1JSUVMVENDQXBXZ0F3SUJBZ0lSQUx2MHUwKzFQR1cyNGRsaGtjNFc3clF3RFFZSktvWklodmNOQVFFTEJRQXcKTHpFdE1Dc0dBMVVFQXhNa04yVmlPR1V3T0dZdE1HTXhZeTAwWkdFNExXRmlZV1V0TTJSaVpUbG1OakU0TWpOawpNQ0FYRFRJeU1ERXhOVEUxTURZME1Wb1lEekl3TlRJd01UQTRNVFl3TmpReFdqQXZNUzB3S3dZRFZRUURFeVEzClpXSTRaVEE0Wmkwd1l6RmpMVFJrWVRndFlXSmhaUzB6WkdKbE9XWTJNVGd5TTJRd2dnR2lNQTBHQ1NxR1NJYjMKRFFFQkFRVUFBNElCandBd2dnR0tBb0lCZ1FDekdPWndzMC8yVld5dDFxd3ZOUVlEbFNFdTI3K3oyNVRLcC90RQpXTjBvYzh2dVJycEFQbVgrOHdxTVJJOVR6YUdyQ3RNM2FNcFRWdDhaYWpMZFBkaVFBUkF3UXEwd1pUWXJ2eTRLCjZ2bC9ZQUFHbkNjejZMaGx1cUtIMXE0bFliWi9oN2kramVmdEIvOG5uMHVVVzdpTnpzTWg5NWtHUzhoMEJndVIKZGJiellQb2ZwSm9FQjM5TzJTOVdqUXIweVQyTmRMUmk4K1BXR3ZLeFNONUtSdk5jcTltd3NVbWt1OHhCRGJwUQpLN0ZkU01JZ2FPVXhIL20yOTNualQ5Mkk4TmRpUTg1TzZPVkRxazYzYzMzZHdjK1hOTm5vdkUwWjE1YWRnM0xmClZkWjJHb0V4ZkVKVEExSmxOVEErQ2EwcnZnQ011YkNyRkcrU3ZXQ1ExVDRDTHJKakRmRjhLd0ZwQ2svSlFXVU4KeXFGRVA5bTFRQ3dtdWVuUnNSYm82d1FnY2xONmhvRkcrQUNmaWJLY1p2WXdzVmY2L012ckpyL2l1SUNPSEJwOQpTUzZZakhXZ09Lbkt0WEhCT0hiZFViZ09ROWlmeVJPSlRlWi83T3p2V1lLYSswZ2twcFpYcTRpRmtLUzZka1o2CnBIbWpzNmM2Q1hkeEpVTkFsTEc0KzVOUkxPOENBd0VBQWFOQ01FQXdEZ1lEVlIwUEFRSC9CQVFEQWdJRU1BOEcKQTFVZEV3RUIvd1FGTUFNQkFmOHdIUVlEVlIwT0JCWUVGS21oTG9QYkZnZ3d1ZFlMVExSSkZZREJzd09KTUEwRwpDU3FHU0liM0RRRUJDd1VBQTRJQmdRQ1NWWUdMMS9QcFFzN096d1dnUXZ1YXd2NUJJa2cvcThHY096R01pSmJoCjNjejg1MUkwcHUwYWQ3K0lNMEFJM0lQeUsxR0FuTk9objBtRmE3Njh3ZFpqUisxU2dMUmJVOGhVWmt5LzZTK1YKWjJ2eTZZTFJpNytZY3dreXFqbEZYS1FwNXpkckhLTTNWUE9XRE9EbkVRdVZxZ0p3TExmcFcvZmJSWVYrL3dVaAo5ZEVaSjlsOEJkVzdKVlAxb0x2VUowczZKMUdweEdDYnd6cjc0Nnh0SWp3M29sY09JdzB2b1pTc1laYkR1QWJYClhLc0NFMUZqLzJNdjIyN3ZiVWM5NWNhTEU4VFQya3ByYlBpL3RLbWxxb0pNemh1QWVBb2k5aERZaGp6S296WTcKRjdOQ3Y4T095ZmVneWVwQllxcllVTzlPUStwT3pEd3FtcnJaRG4yVWttR1lML1k1dDVwTHhncDBadXI5L0NDYgpSTU11THdBZGVadENlVmtTa3gvWXZkYnVSWDlaSG52ZGFnMWpmMTlPdmpGd1NYOHBpQ2loRGZGWTJGdTVUa0p5CmZ5NklDZ1JnY2JsSUNrU3Fud2tValN6ZTNkZTVqM2xMMzk3amt2M3dwejkvZHdiR2dJN1hnbk9hUHJ1Y1MrTC8KUW9oTmJqOWhhd3NTOVJUU3pFOFJ1NXc9Ci0tLS0tRU5EIENFUlRJRklDQVRFLS0tLS0K"
              }
            ],
            "master_authorized_networks_config": [
              {
                "cidr_blocks": [
                  {
                    "cidr_block": "10.1.10.0/24",
                    "display_name": ""
                  }
                ]
              }
            ],
            "master_version": "1.21.5-gke.1302",
            "min_master_version": null,
            "monitoring_config": [
              {
                "enable_components": [
                  "SYSTEM_COMPONENTS"
                ]
              }
            ],
            "monitoring_service": "monitoring.googleapis.com/kubernetes",
            "name": "final-gke-cluster",
            "network": "projects/mimetic-setup-319321/global/networks/final-vpc",
            "network_policy": [
              {
                "enabled": false,
                "provider": "PROVIDER_UNSPECIFIED"
              }
            ],
            "networking_mode": "VPC_NATIVE",
            "node_config": [],
            "node_locations": [
              "europe-west1-b",
              "europe-west1-c",
              "europe-west1-d"
            ],
            "node_pool": [],
            "node_version": "1.21.5-gke.1302",
            "operation": null,
            "private_cluster_config": [
              {
                "enable_private_endpoint": true,
                "enable_private_nodes": true,
                "master_global_access_config": [
                  {
                    "enabled": false
                  }
                ],
                "master_ipv4_cidr_block": "172.16.0.0/28",
                "peering_name": "gke-n2e5f45f62c638104d6a-925a-f8d8-peer",
                "private_endpoint": "172.16.0.2",
                "public_endpoint": "34.78.83.60"
              }
            ],
            "private_ipv6_google_access": "",
            "project": "mimetic-setup-319321",
            "release_channel": [
              {
                "channel": "REGULAR"
              }
            ],
            "remove_default_node_pool": true,
            "resource_labels": null,
            "resource_usage_export_config": [],
            "self_link": "https://container.googleapis.com/v1/projects/mimetic-setup-319321/locations/europe-west1/clusters/final-gke-cluster",
            "services_ipv4_cidr": "10.160.160.0/21",
            "subnetwork": "projects/mimetic-setup-319321/regions/europe-west1/subnetworks/restricted-subnet",
            "timeouts": null,
            "tpu_ipv4_cidr_block": "",
            "vertical_pod_autoscaling": [],
            "workload_identity_config": []
          },
          "sensitive_attributes": [],
          "private": "eyJlMmJmYjczMC1lY2FhLTExZTYtOGY4OC0zNDM2M2JjN2M0YzAiOnsiY3JlYXRlIjoyNDAwMDAwMDAwMDAwLCJkZWxldGUiOjI0MDAwMDAwMDAwMDAsInJlYWQiOjI0MDAwMDAwMDAwMDAsInVwZGF0ZSI6MzYwMDAwMDAwMDAwMH0sInNjaGVtYV92ZXJzaW9uIjoiMSJ9",
          "dependencies": [
            "google_compute_network.final_vpc",
            "google_compute_subnetwork.restricted"
          ]
        }
      ]
    },
    {
      "mode": "managed",
      "type": "google_container_node_pool",
      "name": "final_nodes",
      "provider": "provider[\"registry.terraform.io/hashicorp/google\"]",
      "instances": [
        {
          "schema_version": 1,
          "attributes": {
            "autoscaling": [],
            "cluster": "final-gke-cluster",
            "id": "projects/mimetic-setup-319321/locations/europe-west1/clusters/final-gke-cluster/nodePools/final-node-pool",
            "initial_node_count": 1,
            "instance_group_urls": [
              "https://www.googleapis.com/compute/v1/projects/mimetic-setup-319321/zones/europe-west1-c/instanceGroupManagers/gke-final-gke-cluster-final-node-pool-41c05594-grp",
              "https://www.googleapis.com/compute/v1/projects/mimetic-setup-319321/zones/europe-west1-b/instanceGroupManagers/gke-final-gke-cluster-final-node-pool-da227867-grp",
              "https://www.googleapis.com/compute/v1/projects/mimetic-setup-319321/zones/europe-west1-d/instanceGroupManagers/gke-final-gke-cluster-final-node-pool-7dedcd64-grp"
            ],
            "location": "europe-west1",
            "managed_instance_group_urls": [
              "https://www.googleapis.com/compute/v1/projects/mimetic-setup-319321/zones/europe-west1-c/instanceGroups/gke-final-gke-cluster-final-node-pool-41c05594-grp",
              "https://www.googleapis.com/compute/v1/projects/mimetic-setup-319321/zones/europe-west1-b/instanceGroups/gke-final-gke-cluster-final-node-pool-da227867-grp",
              "https://www.googleapis.com/compute/v1/projects/mimetic-setup-319321/zones/europe-west1-d/instanceGroups/gke-final-gke-cluster-final-node-pool-7dedcd64-grp"
            ],
            "management": [
              {
                "auto_repair": true,
                "auto_upgrade": true
              }
            ],
            "max_pods_per_node": 110,
            "name": "final-node-pool",
            "name_prefix": "",
            "node_config": [
              {
                "boot_disk_kms_key": "",
                "disk_size_gb": 100,
                "disk_type": "pd-standard",
                "gcfs_config": [],
                "guest_accelerator": [],
                "image_type": "COS_CONTAINERD",
                "labels": {},
                "local_ssd_count": 0,
                "machine_type": "e2-medium",
                "metadata": {
                  "disable-legacy-endpoints": "true"
                },
                "min_cpu_platform": "",
                "node_group": "",
                "oauth_scopes": [
                  "https://www.googleapis.com/auth/cloud-platform"
                ],
                "preemptible": false,
                "service_account": "service-account-id@mimetic-setup-319321.iam.gserviceaccount.com",
                "shielded_instance_config": [
                  {
                    "enable_integrity_monitoring": true,
                    "enable_secure_boot": false
                  }
                ],
                "tags": null,
                "taint": [],
                "workload_metadata_config": []
              }
            ],
            "node_count": 1,
            "node_locations": [
              "europe-west1-b",
              "europe-west1-c",
              "europe-west1-d"
            ],
            "operation": null,
            "project": "mimetic-setup-319321",
            "timeouts": null,
            "upgrade_settings": [
              {
                "max_surge": 1,
                "max_unavailable": 0
              }
            ],
            "version": "1.21.5-gke.1302"
          },
          "sensitive_attributes": [],
          "private": "eyJlMmJmYjczMC1lY2FhLTExZTYtOGY4OC0zNDM2M2JjN2M0YzAiOnsiY3JlYXRlIjoxODAwMDAwMDAwMDAwLCJkZWxldGUiOjE4MDAwMDAwMDAwMDAsInVwZGF0ZSI6MTgwMDAwMDAwMDAwMH0sInNjaGVtYV92ZXJzaW9uIjoiMSJ9",
          "dependencies": [
            "google_compute_network.final_vpc",
            "google_compute_subnetwork.restricted",
            "google_container_cluster.final_cluster",
            "google_service_account.cluster_sarvice"
          ]
        }
      ]
    },
    {
      "mode": "managed",
      "type": "google_project_iam_binding",
      "name": "final_iam_cluster",
      "provider": "provider[\"registry.terraform.io/hashicorp/google\"]",
      "instances": [
        {
          "schema_version": 0,
          "attributes": {
            "condition": [],
            "etag": "BwXVoRhVzx0=",
            "id": "mimetic-setup-319321/roles/container.admin",
            "members": [
              "serviceAccount:service-account-id@mimetic-setup-319321.iam.gserviceaccount.com"
            ],
            "project": "mimetic-setup-319321",
            "role": "roles/container.admin"
          },
          "sensitive_attributes": [],
          "private": "bnVsbA==",
          "dependencies": [
            "google_service_account.cluster_sarvice"
          ]
        }
      ]
    },
    {
      "mode": "managed",
      "type": "google_project_iam_binding",
      "name": "final_project",
      "provider": "provider[\"registry.terraform.io/hashicorp/google\"]",
      "instances": [
        {
          "schema_version": 0,
          "attributes": {
            "condition": [],
            "etag": "BwXVoRhVzx0=",
            "id": "mimetic-setup-319321/roles/container.admin",
            "members": [
              "serviceAccount:instance-service-account-id@mimetic-setup-319321.iam.gserviceaccount.com"
            ],
            "project": "mimetic-setup-319321",
            "role": "roles/container.admin"
          },
          "sensitive_attributes": [],
          "private": "bnVsbA==",
          "dependencies": [
            "google_service_account.instance_sarvice"
          ]
        }
      ]
    },
    {
      "mode": "managed",
      "type": "google_service_account",
      "name": "cluster_sarvice",
      "provider": "provider[\"registry.terraform.io/hashicorp/google\"]",
      "instances": [
        {
          "schema_version": 0,
          "attributes": {
            "account_id": "service-account-id",
            "description": "",
            "disabled": false,
            "display_name": "Service Account",
            "email": "service-account-id@mimetic-setup-319321.iam.gserviceaccount.com",
            "id": "projects/mimetic-setup-319321/serviceAccounts/service-account-id@mimetic-setup-319321.iam.gserviceaccount.com",
            "name": "projects/mimetic-setup-319321/serviceAccounts/service-account-id@mimetic-setup-319321.iam.gserviceaccount.com",
            "project": "mimetic-setup-319321",
            "timeouts": null,
            "unique_id": "116345212973125750258"
          },
          "sensitive_attributes": [],
          "private": "eyJlMmJmYjczMC1lY2FhLTExZTYtOGY4OC0zNDM2M2JjN2M0YzAiOnsiY3JlYXRlIjozMDAwMDAwMDAwMDB9fQ=="
        }
      ]
    },
    {
      "mode": "managed",
      "type": "google_service_account",
      "name": "instance_sarvice",
      "provider": "provider[\"registry.terraform.io/hashicorp/google\"]",
      "instances": [
        {
          "schema_version": 0,
          "attributes": {
            "account_id": "instance-service-account-id",
            "description": "",
            "disabled": false,
            "display_name": "final_Service_Account",
            "email": "instance-service-account-id@mimetic-setup-319321.iam.gserviceaccount.com",
            "id": "projects/mimetic-setup-319321/serviceAccounts/instance-service-account-id@mimetic-setup-319321.iam.gserviceaccount.com",
            "name": "projects/mimetic-setup-319321/serviceAccounts/instance-service-account-id@mimetic-setup-319321.iam.gserviceaccount.com",
            "project": "mimetic-setup-319321",
            "timeouts": null,
            "unique_id": "103315040744847058746"
          },
          "sensitive_attributes": [],
          "private": "eyJlMmJmYjczMC1lY2FhLTExZTYtOGY4OC0zNDM2M2JjN2M0YzAiOnsiY3JlYXRlIjozMDAwMDAwMDAwMDB9fQ=="
        }
      ]
    }
  ]
}
